PODS:
  - 500px-iOS-api (1.0.5)
  - Expecta (0.2.3)
  - libextobjc (0.3):
    - libextobjc/EXTADT
    - libextobjc/EXTAnnotation
    - libextobjc/EXTAspect
    - libextobjc/EXTBlockMethod
    - libextobjc/EXTBlockTarget
    - libextobjc/EXTConcreteProtocol
    - libextobjc/EXTDispatchObject
    - libextobjc/EXTFinalMethod
    - libextobjc/EXTKeyPathCoding
    - libextobjc/EXTMaybe
    - libextobjc/EXTMixin
    - libextobjc/EXTMultimethod
    - libextobjc/EXTMultiObject
    - libextobjc/EXTNil
    - libextobjc/EXTPassthrough
    - libextobjc/EXTPrivateMethod
    - libextobjc/EXTProtocolCategory
    - libextobjc/EXTSafeCategory
    - libextobjc/EXTScope
    - libextobjc/EXTSelectorChecking
    - libextobjc/EXTSwizzle
    - libextobjc/EXTSynthesize
    - libextobjc/EXTTuple
    - libextobjc/EXTVarargs
    - libextobjc/NSInvocation+EXT
    - libextobjc/NSMethodSignature+EXT
    - libextobjc/RuntimeExtensions
    - libextobjc/UmbrellaHeader
  - libextobjc/EXTADT (0.3):
    - libextobjc/RuntimeExtensions
  - libextobjc/EXTAnnotation (0.3):
    - libextobjc/RuntimeExtensions
  - libextobjc/EXTAspect (0.3):
    - libextobjc/RuntimeExtensions
    - libffi
  - libextobjc/EXTBlockMethod (0.3):
    - libextobjc/RuntimeExtensions
  - libextobjc/EXTBlockTarget (0.3):
    - libextobjc/RuntimeExtensions
  - libextobjc/EXTConcreteProtocol (0.3):
    - libextobjc/RuntimeExtensions
  - libextobjc/EXTDispatchObject (0.3):
    - libextobjc/RuntimeExtensions
  - libextobjc/EXTFinalMethod (0.3):
    - libextobjc/RuntimeExtensions
  - libextobjc/EXTKeyPathCoding (0.3):
    - libextobjc/RuntimeExtensions
  - libextobjc/EXTMaybe (0.3):
    - libextobjc/RuntimeExtensions
  - libextobjc/EXTMixin (0.3):
    - libextobjc/RuntimeExtensions
  - libextobjc/EXTMultimethod (0.3):
    - libextobjc/RuntimeExtensions
  - libextobjc/EXTMultiObject (0.3):
    - libextobjc/RuntimeExtensions
  - libextobjc/EXTNil (0.3):
    - libextobjc/RuntimeExtensions
  - libextobjc/EXTPassthrough (0.3):
    - libextobjc/RuntimeExtensions
  - libextobjc/EXTPrivateMethod (0.3):
    - libextobjc/RuntimeExtensions
  - libextobjc/EXTProtocolCategory (0.3):
    - libextobjc/RuntimeExtensions
  - libextobjc/EXTSafeCategory (0.3):
    - libextobjc/RuntimeExtensions
  - libextobjc/EXTScope (0.3):
    - libextobjc/RuntimeExtensions
  - libextobjc/EXTSelectorChecking (0.3):
    - libextobjc/RuntimeExtensions
  - libextobjc/EXTSwizzle (0.3):
    - libextobjc/RuntimeExtensions
  - libextobjc/EXTSynthesize (0.3):
    - libextobjc/RuntimeExtensions
  - libextobjc/EXTTuple (0.3):
    - libextobjc/RuntimeExtensions
  - libextobjc/EXTVarargs (0.3):
    - libextobjc/RuntimeExtensions
  - libextobjc/NSInvocation+EXT (0.3):
    - libextobjc/RuntimeExtensions
  - libextobjc/NSMethodSignature+EXT (0.3):
    - libextobjc/RuntimeExtensions
  - libextobjc/RuntimeExtensions (0.3)
  - libextobjc/UmbrellaHeader (0.3)
  - libffi (3.0.13)
  - OCMock (2.0.1)
  - ReactiveCocoa (2.1.3):
    - ReactiveCocoa/Core
    - ReactiveCocoa/no-arc
  - ReactiveCocoa/Core (2.1.3):
    - ReactiveCocoa/no-arc
  - ReactiveCocoa/no-arc (2.1.3)
  - Specta (0.1.11)
  - SVProgressHUD (0.9)

DEPENDENCIES:
  - 500px-iOS-api (= 1.0.5)
  - Expecta (~> 0.2)
  - libextobjc (= 0.3)
  - OCMock (~> 2.0.1)
  - ReactiveCocoa (= 2.1.3)
  - Specta (~> 0.1.11)
  - SVProgressHUD (= 0.9)

SPEC CHECKSUMS:
  500px-iOS-api: b67f7b641d79737eb26478d4e07cc1610314521c
  Expecta: dbc4a27fabb853bdd2e907e33f11ee43a9a47d0c
  libextobjc: 820a79dbbbc498611e04fffd07d2d52a5588e7ac
  libffi: 64ef39353e747bb2b25e1026afd96a157bf9231c
  OCMock: f0c099603f851d07f8d7f2efe26d05da721ec43f
  ReactiveCocoa: 0142b823f4737effe6100f9fbb0a43bdcb629aae
  Specta: 82746c6fd70b104c5d37cfbadb7bf15a2cbc4da0
  SVProgressHUD: 03d4845ec8e64591726428a08236c6a5489d45f8

COCOAPODS: 0.26.2
